{
  "name": "eww-extras-renderer",
  "lockfileVersion": 3,
  "requires": true,
  "packages": {
    "": {
      "name": "eww-extras-renderer",
      "dependencies": {
        "@duckduckgo/autoconsent": "16.20.1",
        "playwright-core": "1.62.1"
      },
      "engines": {
        "node": ">=20"
      }
    },
    "node_modules/@duckduckgo/autoconsent": {
      "version": "16.20.1",
      "resolved": "https://registry.npmjs.org/@duckduckgo/autoconsent/-/autoconsent-16.20.1.tgz",
      "integrity": "sha512-L4vTgNb4tfdfx1qC4KsIJe2VSqLiVr669XGPWW2iNNSLN637GpjFwrKXwPMCxa2zr3MD246cQIegnYZ4lxQWwg==",
      "license": "MPL-2.0",
      "dependencies": {
        "tldts-experimental": "^7.4.3"
      }
    },
    "node_modules/playwright-core": {
      "version": "1.62.1",
      "resolved": "https://registry.npmjs.org/playwright-core/-/playwright-core-1.62.1.tgz",
      "integrity": "sha512-wPYSwEBJY9GHraISXqyqtx0na0LpO3XEX7jNDhntbex7tzUS7kLnZsOlFruFJB4Hi/rhDMjXGqHewDZ68nYZVw==",
      "license": "Apache-2.0",
      "bin": {
        "playwright-core": "cli.js"
      },
      "engines": {
        "node": ">=20"
      }
    },
    "node_modules/tldts-core": {
      "version": "7.4.10",
      "resolved": "https://registry.npmjs.org/tldts-core/-/tldts-core-7.4.10.tgz",
      "integrity": "sha512-KnQjp53ZekKgm/r3l+u8kJGGzYgrWdP8+Mql7a4vijh2WE0IrZWspQj/TpTxDho/YxO+AnOZnIjQcCD+q6iJsw==",
      "license": "MIT"
    },
    "node_modules/tldts-experimental": {
      "version": "7.4.10",
      "resolved": "https://registry.npmjs.org/tldts-experimental/-/tldts-experimental-7.4.10.tgz",
      "integrity": "sha512-l+FUGTqw3cYLnM6uL45IhdIG1ue9N7ZnMe9ZFC0S3/ROTL6xkJrUFQvsjfqSD9YzywDvgWj9uRZTXib3v3bnHw==",
      "license": "MIT",
      "dependencies": {
        "tldts-core": "^7.4.10"
      }
    }
  }
}
