# THIS IS AN AUTOGENERATED FILE. DO NOT EDIT THIS FILE DIRECTLY.
# yarn lockfile v1


"@ai-sdk/google@^3.0.20":
  version "3.0.60"
  resolved "file:../../../../../.drive-nosync/dotfiles/claude/skills/proofread/node_modules/@ai-sdk/google"
  dependencies:
    "@ai-sdk/provider" "3.0.8"
    "@ai-sdk/provider-utils" "4.0.23"

"@types/node@^22.0.0":
  version "22.19.17"
  resolved "file:../../../../../.drive-nosync/dotfiles/claude/skills/proofread/node_modules/@types/node"
  dependencies:
    undici-types "~6.21.0"

ai@^6.0.68:
  version "6.0.154"
  resolved "file:../../../../../.drive-nosync/dotfiles/claude/skills/proofread/node_modules/ai"
  dependencies:
    "@ai-sdk/gateway" "3.0.94"
    "@ai-sdk/provider" "3.0.8"
    "@ai-sdk/provider-utils" "4.0.23"
    "@opentelemetry/api" "1.9.0"

dotenv@^16.4.0:
  version "16.6.1"
  resolved "file:../../../../../.drive-nosync/dotfiles/claude/skills/proofread/node_modules/dotenv"

tsx@^4.0.0:
  version "4.21.0"
  resolved "file:../../../../../.drive-nosync/dotfiles/claude/skills/proofread/node_modules/tsx"
  dependencies:
    esbuild "~0.27.0"
    get-tsconfig "^4.7.5"
  optionalDependencies:
    fsevents "~2.3.3"

typescript@^5.0.0:
  version "5.9.3"
  resolved "file:../../../../../.drive-nosync/dotfiles/claude/skills/proofread/node_modules/typescript"

zod@^4.3.5:
  version "4.3.5"
  resolved "file:../../../../../.drive-nosync/dotfiles/claude/skills/proofread/node_modules/zod"
